
Microsoft Visual Studio Solution File, Format Version 12.00
Project("{2150E333-8FDC-42A3-9474-1A3956D46DE8}") = "repo", "repo", "{99A334F3-5294-418C-984E-98296821DF81}"
	ProjectSection(SolutionItems) = preProject
		.gitignore = .gitignore
		README.md = README.md
		repo\open-trader.infrastructure.drawio = repo\open-trader.infrastructure.drawio
		repo\open-trader.infrastructure.drawio.png = repo\open-trader.infrastructure.drawio.png
		LICENSE = LICENSE
		BUILD.md = BUILD.md
		repo\logo\icon.svg = repo\logo\icon.svg
		FUNDING.yml = FUNDING.yml
	EndProjectSection
EndProject
Project("{2150E333-8FDC-42A3-9474-1A3956D46DE8}") = "src", "src", "{35D479A1-E7BC-4C66-B26C-A627063260DB}"
EndProject
Project("{2150E333-8FDC-42A3-9474-1A3956D46DE8}") = "tests", "tests", "{C5838635-BACC-45A5-9F60-021F6D491F55}"
EndProject
Project("{2150E333-8FDC-42A3-9474-1A3956D46DE8}") = "deploy", "deploy", "{BD958C62-E499-4E1E-873E-F4320CF4AC73}"
EndProject
Project("{2150E333-8FDC-42A3-9474-1A3956D46DE8}") = "applications", "applications", "{21A12E61-75DE-4A63-9C64-5897375E919F}"
EndProject
Project("{2150E333-8FDC-42A3-9474-1A3956D46DE8}") = "storages", "storages", "{71723F05-D07D-4CCF-8C9A-169F9B9FAF19}"
EndProject
Project("{2150E333-8FDC-42A3-9474-1A3956D46DE8}") = "api", "api", "{CBA2BC84-73C7-426C-8B9D-D443E0BA73AF}"
EndProject
Project("{2150E333-8FDC-42A3-9474-1A3956D46DE8}") = "services", "services", "{BB8504F7-AA43-43B0-AA8D-C28F43C62325}"
EndProject
Project("{FAE04EC0-301F-11D3-BF4B-00C04F79EFBC}") = "OpenTrader.WebApi", "src\applications\api\OpenTrader.WebApi\OpenTrader.WebApi.csproj", "{9D117F18-513D-40F3-868F-A4E30A4F1442}"
EndProject
Project("{FAE04EC0-301F-11D3-BF4B-00C04F79EFBC}") = "OpenTrader.Storage.Account", "src\storages\OpenTrader.Storage.Account\OpenTrader.Storage.Account.csproj", "{E26CDF5C-5993-4A61-AAD4-97E519BB527F}"
EndProject
Project("{2150E333-8FDC-42A3-9474-1A3956D46DE8}") = "infrastructures", "infrastructures", "{7F360F0C-9368-4361-8645-93C247003702}"
EndProject
Project("{2150E333-8FDC-42A3-9474-1A3956D46DE8}") = "resources", "resources", "{25D3E521-3C87-4203-B3B2-C43BA246F22F}"
	ProjectSection(SolutionItems) = preProject
		deploy\resources\deribit.svg = deploy\resources\deribit.svg
		deploy\resources\deribit-test.svg = deploy\resources\deribit-test.svg
	EndProjectSection
EndProject
Project("{2150E333-8FDC-42A3-9474-1A3956D46DE8}") = "models", "models", "{AD680F60-6D1A-40B0-B333-0161462D03BA}"
EndProject
Project("{FAE04EC0-301F-11D3-BF4B-00C04F79EFBC}") = "OpenTrader.Constants", "src\infrastructures\models\OpenTrader.Constants\OpenTrader.Constants.csproj", "{41B08DE8-AEC5-4DDC-8083-B694FAFAE51D}"
EndProject
Project("{2150E333-8FDC-42A3-9474-1A3956D46DE8}") = "services", "services", "{E4120B75-38F5-4E65-BCF8-A6BC60947906}"
EndProject
Project("{FAE04EC0-301F-11D3-BF4B-00C04F79EFBC}") = "OpenTrader.Identity.Service", "src\infrastructures\services\OpenTrader.Identity.Service\OpenTrader.Identity.Service.csproj", "{EC10B98D-0F1B-4B41-9A61-C377C2A0F732}"
EndProject
Project("{FAE04EC0-301F-11D3-BF4B-00C04F79EFBC}") = "OpenTrader.Exchange.Service", "src\infrastructures\services\OpenTrader.Exchange.Service\OpenTrader.Exchange.Service.csproj", "{04E7344A-2AF8-4371-BFEE-A2022BF0BFA9}"
EndProject
Project("{2150E333-8FDC-42A3-9474-1A3956D46DE8}") = "libraries", "libraries", "{331EC2C4-45BA-4F0A-8552-F6042F64A78E}"
EndProject
Project("{FAE04EC0-301F-11D3-BF4B-00C04F79EFBC}") = "OpenTrader.Asp.Extensions", "src\infrastructures\libraries\OpenTrader.Asp.Extensions\OpenTrader.Asp.Extensions.csproj", "{978A090C-447E-42BE-BE8C-18E3B297CEC8}"
EndProject
Project("{FAE04EC0-301F-11D3-BF4B-00C04F79EFBC}") = "STBL.System.Extensions", "src\infrastructures\libraries\STBL.System.Extensions\STBL.System.Extensions.csproj", "{F12A0A1D-19CB-486C-9ECD-D181C6CC1EB7}"
EndProject
Project("{FAE04EC0-301F-11D3-BF4B-00C04F79EFBC}") = "OpenTrader.Storage.Preferences", "src\storages\OpenTrader.Storage.Preferences\OpenTrader.Storage.Preferences.csproj", "{FD150A8D-3405-4E01-B709-9A907D6C82CB}"
EndProject
Project("{FAE04EC0-301F-11D3-BF4B-00C04F79EFBC}") = "OpenTrader.Logger", "src\infrastructures\libraries\OpenTrader.Logger\OpenTrader.Logger.csproj", "{A000544B-1AF8-4583-B15F-0614B6751180}"
EndProject
Project("{2150E333-8FDC-42A3-9474-1A3956D46DE8}") = "builds", "builds", "{2EA2B79A-7F89-4A33-910E-7E1420017D2E}"
	ProjectSection(SolutionItems) = preProject
		deploy\builds\identity = deploy\builds\identity
		deploy\builds\s3.minio = deploy\builds\s3.minio
		deploy\builds\mq.rabbit = deploy\builds\mq.rabbit
		deploy\builds\certbot = deploy\builds\certbot
	EndProjectSection
EndProject
Project("{2150E333-8FDC-42A3-9474-1A3956D46DE8}") = "migrations", "migrations", "{3148F6E1-1200-4AA9-8A31-9560D7E27357}"
	ProjectSection(SolutionItems) = preProject
		deploy\builds\migrations\init-identity.sql = deploy\builds\migrations\init-identity.sql
	EndProjectSection
EndProject
Project("{2150E333-8FDC-42A3-9474-1A3956D46DE8}") = "pods", "pods", "{BD71655F-5846-4D1F-80CA-8B8D13FF17F4}"
	ProjectSection(SolutionItems) = preProject
		deploy\pods\identity.pod.yaml = deploy\pods\identity.pod.yaml
		deploy\pods\web-api.pod.yaml = deploy\pods\web-api.pod.yaml
		deploy\pods\minio.s3.pod.yaml = deploy\pods\minio.s3.pod.yaml
		deploy\pods\mq.rabbit.pod.yaml = deploy\pods\mq.rabbit.pod.yaml
	EndProjectSection
EndProject
Project("{2150E333-8FDC-42A3-9474-1A3956D46DE8}") = "compose", "compose", "{D13E4BEF-A932-41E1-A563-F68B4A3041AF}"
	ProjectSection(SolutionItems) = preProject
		deploy\compose\opentrader.compose.yml = deploy\compose\opentrader.compose.yml
	EndProjectSection
EndProject
Project("{2150E333-8FDC-42A3-9474-1A3956D46DE8}") = "deployment", "deployment", "{E94D0D7F-26A8-4AF5-849C-260CF345A051}"
	ProjectSection(SolutionItems) = preProject
		deploy\deployment\identity.deploy.yaml = deploy\deployment\identity.deploy.yaml
	EndProjectSection
EndProject
Project("{2150E333-8FDC-42A3-9474-1A3956D46DE8}") = "configs", "configs", "{B8F3D1C1-DCF6-4C1C-ABAC-3BFA9CE50B01}"
	ProjectSection(SolutionItems) = preProject
		deploy\configs\nginx.conf = deploy\configs\nginx.conf
	EndProjectSection
EndProject
Project("{2150E333-8FDC-42A3-9474-1A3956D46DE8}") = "security", "security", "{B76DB0C4-3A15-4932-A6DC-BBA300C2DDC7}"
	ProjectSection(SolutionItems) = preProject
		deploy\security\cert.key = deploy\security\cert.key
		deploy\security\cert.pem = deploy\security\cert.pem
	EndProjectSection
EndProject
Project("{2150E333-8FDC-42A3-9474-1A3956D46DE8}") = "icons", "icons", "{180A22C3-2007-4878-A809-15271D9572BB}"
	ProjectSection(SolutionItems) = preProject
		deploy\resources\icons\icon.ico = deploy\resources\icons\icon.ico
	EndProjectSection
EndProject
Project("{2150E333-8FDC-42A3-9474-1A3956D46DE8}") = "variables", "variables", "{3165420A-DC69-442F-B850-337AB1A5123A}"
	ProjectSection(SolutionItems) = preProject
		deploy\variables\.env = deploy\variables\.env
	EndProjectSection
EndProject
Project("{2150E333-8FDC-42A3-9474-1A3956D46DE8}") = "scripts", "scripts", "{AA1064EC-023D-4244-A164-A80105926E4C}"
	ProjectSection(SolutionItems) = preProject
		deploy\builds\scripts\generate-ssl.sh = deploy\builds\scripts\generate-ssl.sh
	EndProjectSection
EndProject
Project("{2150E333-8FDC-42A3-9474-1A3956D46DE8}") = "resources", "resources", "{4354278A-9834-4154-A0BC-D0E238A11A72}"
	ProjectSection(SolutionItems) = preProject
		repo\resources\repo_preview.png = repo\resources\repo_preview.png
	EndProjectSection
EndProject
Global
	GlobalSection(SolutionConfigurationPlatforms) = preSolution
		Debug|Any CPU = Debug|Any CPU
		Release|Any CPU = Release|Any CPU
	EndGlobalSection
	GlobalSection(NestedProjects) = preSolution
		{21A12E61-75DE-4A63-9C64-5897375E919F} = {35D479A1-E7BC-4C66-B26C-A627063260DB}
		{71723F05-D07D-4CCF-8C9A-169F9B9FAF19} = {35D479A1-E7BC-4C66-B26C-A627063260DB}
		{CBA2BC84-73C7-426C-8B9D-D443E0BA73AF} = {21A12E61-75DE-4A63-9C64-5897375E919F}
		{BB8504F7-AA43-43B0-AA8D-C28F43C62325} = {21A12E61-75DE-4A63-9C64-5897375E919F}
		{9D117F18-513D-40F3-868F-A4E30A4F1442} = {CBA2BC84-73C7-426C-8B9D-D443E0BA73AF}
		{E26CDF5C-5993-4A61-AAD4-97E519BB527F} = {71723F05-D07D-4CCF-8C9A-169F9B9FAF19}
		{7F360F0C-9368-4361-8645-93C247003702} = {35D479A1-E7BC-4C66-B26C-A627063260DB}
		{25D3E521-3C87-4203-B3B2-C43BA246F22F} = {BD958C62-E499-4E1E-873E-F4320CF4AC73}
		{AD680F60-6D1A-40B0-B333-0161462D03BA} = {7F360F0C-9368-4361-8645-93C247003702}
		{41B08DE8-AEC5-4DDC-8083-B694FAFAE51D} = {AD680F60-6D1A-40B0-B333-0161462D03BA}
		{E4120B75-38F5-4E65-BCF8-A6BC60947906} = {7F360F0C-9368-4361-8645-93C247003702}
		{EC10B98D-0F1B-4B41-9A61-C377C2A0F732} = {E4120B75-38F5-4E65-BCF8-A6BC60947906}
		{04E7344A-2AF8-4371-BFEE-A2022BF0BFA9} = {E4120B75-38F5-4E65-BCF8-A6BC60947906}
		{331EC2C4-45BA-4F0A-8552-F6042F64A78E} = {7F360F0C-9368-4361-8645-93C247003702}
		{978A090C-447E-42BE-BE8C-18E3B297CEC8} = {331EC2C4-45BA-4F0A-8552-F6042F64A78E}
		{F12A0A1D-19CB-486C-9ECD-D181C6CC1EB7} = {331EC2C4-45BA-4F0A-8552-F6042F64A78E}
		{FD150A8D-3405-4E01-B709-9A907D6C82CB} = {71723F05-D07D-4CCF-8C9A-169F9B9FAF19}
		{A000544B-1AF8-4583-B15F-0614B6751180} = {331EC2C4-45BA-4F0A-8552-F6042F64A78E}
		{2EA2B79A-7F89-4A33-910E-7E1420017D2E} = {BD958C62-E499-4E1E-873E-F4320CF4AC73}
		{3148F6E1-1200-4AA9-8A31-9560D7E27357} = {2EA2B79A-7F89-4A33-910E-7E1420017D2E}
		{BD71655F-5846-4D1F-80CA-8B8D13FF17F4} = {BD958C62-E499-4E1E-873E-F4320CF4AC73}
		{D13E4BEF-A932-41E1-A563-F68B4A3041AF} = {BD958C62-E499-4E1E-873E-F4320CF4AC73}
		{E94D0D7F-26A8-4AF5-849C-260CF345A051} = {BD958C62-E499-4E1E-873E-F4320CF4AC73}
		{B8F3D1C1-DCF6-4C1C-ABAC-3BFA9CE50B01} = {BD958C62-E499-4E1E-873E-F4320CF4AC73}
		{B76DB0C4-3A15-4932-A6DC-BBA300C2DDC7} = {BD958C62-E499-4E1E-873E-F4320CF4AC73}
		{180A22C3-2007-4878-A809-15271D9572BB} = {25D3E521-3C87-4203-B3B2-C43BA246F22F}
		{3165420A-DC69-442F-B850-337AB1A5123A} = {BD958C62-E499-4E1E-873E-F4320CF4AC73}
		{AA1064EC-023D-4244-A164-A80105926E4C} = {2EA2B79A-7F89-4A33-910E-7E1420017D2E}
		{4354278A-9834-4154-A0BC-D0E238A11A72} = {99A334F3-5294-418C-984E-98296821DF81}
	EndGlobalSection
	GlobalSection(ProjectConfigurationPlatforms) = postSolution
		{9D117F18-513D-40F3-868F-A4E30A4F1442}.Debug|Any CPU.ActiveCfg = Debug|Any CPU
		{9D117F18-513D-40F3-868F-A4E30A4F1442}.Debug|Any CPU.Build.0 = Debug|Any CPU
		{9D117F18-513D-40F3-868F-A4E30A4F1442}.Release|Any CPU.ActiveCfg = Release|Any CPU
		{9D117F18-513D-40F3-868F-A4E30A4F1442}.Release|Any CPU.Build.0 = Release|Any CPU
		{E26CDF5C-5993-4A61-AAD4-97E519BB527F}.Debug|Any CPU.ActiveCfg = Debug|Any CPU
		{E26CDF5C-5993-4A61-AAD4-97E519BB527F}.Debug|Any CPU.Build.0 = Debug|Any CPU
		{E26CDF5C-5993-4A61-AAD4-97E519BB527F}.Release|Any CPU.ActiveCfg = Release|Any CPU
		{E26CDF5C-5993-4A61-AAD4-97E519BB527F}.Release|Any CPU.Build.0 = Release|Any CPU
		{41B08DE8-AEC5-4DDC-8083-B694FAFAE51D}.Debug|Any CPU.ActiveCfg = Debug|Any CPU
		{41B08DE8-AEC5-4DDC-8083-B694FAFAE51D}.Debug|Any CPU.Build.0 = Debug|Any CPU
		{41B08DE8-AEC5-4DDC-8083-B694FAFAE51D}.Release|Any CPU.ActiveCfg = Release|Any CPU
		{41B08DE8-AEC5-4DDC-8083-B694FAFAE51D}.Release|Any CPU.Build.0 = Release|Any CPU
		{EC10B98D-0F1B-4B41-9A61-C377C2A0F732}.Debug|Any CPU.ActiveCfg = Debug|Any CPU
		{EC10B98D-0F1B-4B41-9A61-C377C2A0F732}.Debug|Any CPU.Build.0 = Debug|Any CPU
		{EC10B98D-0F1B-4B41-9A61-C377C2A0F732}.Release|Any CPU.ActiveCfg = Release|Any CPU
		{EC10B98D-0F1B-4B41-9A61-C377C2A0F732}.Release|Any CPU.Build.0 = Release|Any CPU
		{04E7344A-2AF8-4371-BFEE-A2022BF0BFA9}.Debug|Any CPU.ActiveCfg = Debug|Any CPU
		{04E7344A-2AF8-4371-BFEE-A2022BF0BFA9}.Debug|Any CPU.Build.0 = Debug|Any CPU
		{04E7344A-2AF8-4371-BFEE-A2022BF0BFA9}.Release|Any CPU.ActiveCfg = Release|Any CPU
		{04E7344A-2AF8-4371-BFEE-A2022BF0BFA9}.Release|Any CPU.Build.0 = Release|Any CPU
		{978A090C-447E-42BE-BE8C-18E3B297CEC8}.Debug|Any CPU.ActiveCfg = Debug|Any CPU
		{978A090C-447E-42BE-BE8C-18E3B297CEC8}.Debug|Any CPU.Build.0 = Debug|Any CPU
		{978A090C-447E-42BE-BE8C-18E3B297CEC8}.Release|Any CPU.ActiveCfg = Release|Any CPU
		{978A090C-447E-42BE-BE8C-18E3B297CEC8}.Release|Any CPU.Build.0 = Release|Any CPU
		{F12A0A1D-19CB-486C-9ECD-D181C6CC1EB7}.Debug|Any CPU.ActiveCfg = Debug|Any CPU
		{F12A0A1D-19CB-486C-9ECD-D181C6CC1EB7}.Debug|Any CPU.Build.0 = Debug|Any CPU
		{F12A0A1D-19CB-486C-9ECD-D181C6CC1EB7}.Release|Any CPU.ActiveCfg = Release|Any CPU
		{F12A0A1D-19CB-486C-9ECD-D181C6CC1EB7}.Release|Any CPU.Build.0 = Release|Any CPU
		{FD150A8D-3405-4E01-B709-9A907D6C82CB}.Debug|Any CPU.ActiveCfg = Debug|Any CPU
		{FD150A8D-3405-4E01-B709-9A907D6C82CB}.Debug|Any CPU.Build.0 = Debug|Any CPU
		{FD150A8D-3405-4E01-B709-9A907D6C82CB}.Release|Any CPU.ActiveCfg = Release|Any CPU
		{FD150A8D-3405-4E01-B709-9A907D6C82CB}.Release|Any CPU.Build.0 = Release|Any CPU
		{A000544B-1AF8-4583-B15F-0614B6751180}.Debug|Any CPU.ActiveCfg = Debug|Any CPU
		{A000544B-1AF8-4583-B15F-0614B6751180}.Debug|Any CPU.Build.0 = Debug|Any CPU
		{A000544B-1AF8-4583-B15F-0614B6751180}.Release|Any CPU.ActiveCfg = Release|Any CPU
		{A000544B-1AF8-4583-B15F-0614B6751180}.Release|Any CPU.Build.0 = Release|Any CPU
	EndGlobalSection
EndGlobal
