
Microsoft Visual Studio Solution File, Format Version 12.00
Project("{2150E333-8FDC-42A3-9474-1A3956D46DE8}") = "repo", "repo", "{99A334F3-5294-418C-984E-98296821DF81}"
	ProjectSection(SolutionItems) = preProject
		.gitignore = .gitignore
		README.md = README.md
	EndProjectSection
EndProject
Project("{2150E333-8FDC-42A3-9474-1A3956D46DE8}") = "src", "src", "{35D479A1-E7BC-4C66-B26C-A627063260DB}"
EndProject
Project("{2150E333-8FDC-42A3-9474-1A3956D46DE8}") = "tests", "tests", "{C5838635-BACC-45A5-9F60-021F6D491F55}"
EndProject
Project("{2150E333-8FDC-42A3-9474-1A3956D46DE8}") = "deploy", "deploy", "{BD958C62-E499-4E1E-873E-F4320CF4AC73}"
EndProject
Project("{2150E333-8FDC-42A3-9474-1A3956D46DE8}") = "applications", "applications", "{21A12E61-75DE-4A63-9C64-5897375E919F}"
EndProject
Project("{2150E333-8FDC-42A3-9474-1A3956D46DE8}") = "modules", "modules", "{22990DB7-165F-42C6-8F9C-6A3230E465A2}"
EndProject
Project("{2150E333-8FDC-42A3-9474-1A3956D46DE8}") = "storages", "storages", "{71723F05-D07D-4CCF-8C9A-169F9B9FAF19}"
EndProject
Project("{2150E333-8FDC-42A3-9474-1A3956D46DE8}") = "api", "api", "{CBA2BC84-73C7-426C-8B9D-D443E0BA73AF}"
EndProject
Project("{2150E333-8FDC-42A3-9474-1A3956D46DE8}") = "services", "services", "{BB8504F7-AA43-43B0-AA8D-C28F43C62325}"
EndProject
Project("{FAE04EC0-301F-11D3-BF4B-00C04F79EFBC}") = "Trader.WebApi", "src\applications\api\Trader.WebApi\Trader.WebApi.csproj", "{9D117F18-513D-40F3-868F-A4E30A4F1442}"
EndProject
Project("{FAE04EC0-301F-11D3-BF4B-00C04F79EFBC}") = "Trader.Storage.Account", "src\storages\Trader.Storage.Account\Trader.Storage.Account.csproj", "{E26CDF5C-5993-4A61-AAD4-97E519BB527F}"
EndProject
Project("{2150E333-8FDC-42A3-9474-1A3956D46DE8}") = "services", "services", "{281D6A9E-D9D7-4955-BF4D-4DF32F2C6DBC}"
	ProjectSection(SolutionItems) = preProject
		deploy\services\reverse-proxy-compose.yml = deploy\services\reverse-proxy-compose.yml
		deploy\services\identity-compose.yml = deploy\services\identity-compose.yml
		deploy\services\inventory-compose.yml = deploy\services\inventory-compose.yml
		deploy\services\s3-compose.yml = deploy\services\s3-compose.yml
	EndProjectSection
EndProject
Project("{2150E333-8FDC-42A3-9474-1A3956D46DE8}") = "init-queries", "init-queries", "{72D22C0D-C37C-4AB1-94A8-3E2D07FAA76F}"
	ProjectSection(SolutionItems) = preProject
		deploy\services\init-queries\init-identity.sql = deploy\services\init-queries\init-identity.sql
		deploy\services\init-queries\init-inventory.sql = deploy\services\init-queries\init-inventory.sql
	EndProjectSection
EndProject
Project("{2150E333-8FDC-42A3-9474-1A3956D46DE8}") = "security", "security", "{3F45B138-2A70-45F0-90B0-69C68B08E7F2}"
EndProject
Project("{2150E333-8FDC-42A3-9474-1A3956D46DE8}") = "configurations", "configurations", "{1BFF04AD-3969-4F65-85E5-A045F8899325}"
	ProjectSection(SolutionItems) = preProject
		deploy\services\configurations\nginx.conf = deploy\services\configurations\nginx.conf
	EndProjectSection
EndProject
Project("{FAE04EC0-301F-11D3-BF4B-00C04F79EFBC}") = "Trader.Models", "src\modules\Trader.Models\Trader.Models.csproj", "{43FC76A4-9603-41CE-81DE-4A1E39815240}"
EndProject
Project("{FAE04EC0-301F-11D3-BF4B-00C04F79EFBC}") = "Trader.Constants", "src\modules\Trader.Constants\Trader.Constants.csproj", "{34A21790-C3C9-48E6-97C6-D3B9FF4CC9CA}"
EndProject
Project("{FAE04EC0-301F-11D3-BF4B-00C04F79EFBC}") = "Trader.Futures", "src\applications\services\Trader.Futures\Trader.Futures.csproj", "{A2A34FFC-9524-4D55-BEF6-6BF41CEBDA8E}"
EndProject
Project("{2150E333-8FDC-42A3-9474-1A3956D46DE8}") = "infrastructures", "infrastructures", "{7F360F0C-9368-4361-8645-93C247003702}"
EndProject
Project("{FAE04EC0-301F-11D3-BF4B-00C04F79EFBC}") = "Trader.Generator", "tests\Trader.Generator\Trader.Generator.csproj", "{BA0DEE4E-A40F-496D-B521-53953843C4B0}"
EndProject
Project("{FAE04EC0-301F-11D3-BF4B-00C04F79EFBC}") = "Trader.Storage.Inventory", "src\storages\Trader.Storage.Inventory\Trader.Storage.Inventory.csproj", "{4101AAE1-FB2D-4B2E-AF00-D5330ACCCE4D}"
EndProject
Project("{2150E333-8FDC-42A3-9474-1A3956D46DE8}") = "resources", "resources", "{25D3E521-3C87-4203-B3B2-C43BA246F22F}"
	ProjectSection(SolutionItems) = preProject
		deploy\resources\deribit.svg = deploy\resources\deribit.svg
		deploy\resources\deribit-test.svg = deploy\resources\deribit-test.svg
	EndProjectSection
EndProject
Project("{FAE04EC0-301F-11D3-BF4B-00C04F79EFBC}") = "Trader.Exceptions", "src\modules\Trader.Exceptions\Trader.Exceptions.csproj", "{1D492AF9-FA8C-4282-BE1D-97BB366D8C31}"
EndProject
Project("{2150E333-8FDC-42A3-9474-1A3956D46DE8}") = "dependency", "dependency", "{B0CA4FBB-54A9-4636-BCAA-9585E4A170C5}"
EndProject
Project("{FAE04EC0-301F-11D3-BF4B-00C04F79EFBC}") = "Trader.WebApi.DI", "src\dependency\Trader.WebApi.DI\Trader.WebApi.DI.csproj", "{746A698F-7695-4940-A809-430DDAF74D64}"
EndProject
Project("{FAE04EC0-301F-11D3-BF4B-00C04F79EFBC}") = "Trader.General.DI", "src\dependency\Trader.General.DI\Trader.General.DI.csproj", "{035A48E7-D287-42AE-9161-30C97468DF4E}"
EndProject
Project("{FAE04EC0-301F-11D3-BF4B-00C04F79EFBC}") = "Trader.ExchangeApi", "src\applications\api\Trader.ExchangeApi\Trader.ExchangeApi.csproj", "{F79AE8C9-D917-4F7D-BB34-DB7D56739540}"
EndProject
Project("{2150E333-8FDC-42A3-9474-1A3956D46DE8}") = "services", "services", "{665BA256-F6BB-4C62-9A41-D94BE3CAEAE2}"
EndProject
Project("{FAE04EC0-301F-11D3-BF4B-00C04F79EFBC}") = "Trader.Exchange.Service", "src\modules\services\Trader.Exchange.Service\Trader.Exchange.Service.csproj", "{28FBC31E-B519-42B0-BDCF-EF007101447F}"
EndProject
Project("{FAE04EC0-301F-11D3-BF4B-00C04F79EFBC}") = "Trader.Helpers", "src\modules\Trader.Helpers\Trader.Helpers.csproj", "{50B9416D-673D-47A2-A0E0-ADF8CA67189B}"
EndProject
Project("{FAE04EC0-301F-11D3-BF4B-00C04F79EFBC}") = "Trader.Extensions", "src\modules\Trader.Extensions\Trader.Extensions.csproj", "{37DABD87-9321-49D4-A0BB-8603EE29862D}"
EndProject
Project("{2150E333-8FDC-42A3-9474-1A3956D46DE8}") = "clients", "clients", "{D813FB0C-721A-49C1-929A-1A01260B7D93}"
EndProject
Project("{FAE04EC0-301F-11D3-BF4B-00C04F79EFBC}") = "Trader.Client.Deribit", "src\infrastructures\clients\Trader.Client.Deribit\Trader.Client.Deribit.csproj", "{9214ACAE-5644-46B0-993B-9C79637B116C}"
EndProject
Project("{FAE04EC0-301F-11D3-BF4B-00C04F79EFBC}") = "Trader.Client", "src\infrastructures\clients\Trader.Client\Trader.Client.csproj", "{2EFF1B67-CAC6-4F72-A79E-75C5263B2546}"
EndProject
Project("{FAE04EC0-301F-11D3-BF4B-00C04F79EFBC}") = "Trader.Enums", "src\infrastructures\Trader.Enums\Trader.Enums.csproj", "{1D70D80B-A78F-4390-86FE-690C25B44EF9}"
EndProject
Project("{2150E333-8FDC-42A3-9474-1A3956D46DE8}") = "providers", "providers", "{516F8BDD-2D21-42B5-8599-467BD7BCFF39}"
EndProject
Project("{FAE04EC0-301F-11D3-BF4B-00C04F79EFBC}") = "Trader.Futures.Core", "src\infrastructures\providers\Trader.Futures.Core\Trader.Futures.Core.csproj", "{3D3C23F2-63FB-4E81-91ED-0C7C98FC78F1}"
EndProject
Project("{FAE04EC0-301F-11D3-BF4B-00C04F79EFBC}") = "Trader.Identity.Service", "src\modules\services\Trader.Identity.Service\Trader.Identity.Service.csproj", "{F830E89F-30C7-4F70-A423-01BB58E0F609}"
EndProject
Project("{FAE04EC0-301F-11D3-BF4B-00C04F79EFBC}") = "Trader.Pattern", "src\modules\Trader.Pattern\Trader.Pattern.csproj", "{0498CE66-DFCF-4B11-A16D-F9B20E9B5076}"
EndProject
Project("{FAE04EC0-301F-11D3-BF4B-00C04F79EFBC}") = "Trader.IdentityProviders.Service", "src\modules\services\Trader.IdentityProviders.Service\Trader.IdentityProviders.Service.csproj", "{1AE85ED5-71D0-4507-B7B1-FAB132B96613}"
EndProject
Project("{FAE04EC0-301F-11D3-BF4B-00C04F79EFBC}") = "Trader.Storage.Settings", "src\storages\Trader.Storage.Settings\Trader.Storage.Settings.csproj", "{C8A69F69-C61C-45C7-98CB-6602A3193B3E}"
EndProject
Global
	GlobalSection(SolutionConfigurationPlatforms) = preSolution
		Debug|Any CPU = Debug|Any CPU
		Release|Any CPU = Release|Any CPU
	EndGlobalSection
	GlobalSection(NestedProjects) = preSolution
		{21A12E61-75DE-4A63-9C64-5897375E919F} = {35D479A1-E7BC-4C66-B26C-A627063260DB}
		{22990DB7-165F-42C6-8F9C-6A3230E465A2} = {35D479A1-E7BC-4C66-B26C-A627063260DB}
		{71723F05-D07D-4CCF-8C9A-169F9B9FAF19} = {35D479A1-E7BC-4C66-B26C-A627063260DB}
		{CBA2BC84-73C7-426C-8B9D-D443E0BA73AF} = {21A12E61-75DE-4A63-9C64-5897375E919F}
		{BB8504F7-AA43-43B0-AA8D-C28F43C62325} = {21A12E61-75DE-4A63-9C64-5897375E919F}
		{9D117F18-513D-40F3-868F-A4E30A4F1442} = {CBA2BC84-73C7-426C-8B9D-D443E0BA73AF}
		{E26CDF5C-5993-4A61-AAD4-97E519BB527F} = {71723F05-D07D-4CCF-8C9A-169F9B9FAF19}
		{281D6A9E-D9D7-4955-BF4D-4DF32F2C6DBC} = {BD958C62-E499-4E1E-873E-F4320CF4AC73}
		{72D22C0D-C37C-4AB1-94A8-3E2D07FAA76F} = {281D6A9E-D9D7-4955-BF4D-4DF32F2C6DBC}
		{3F45B138-2A70-45F0-90B0-69C68B08E7F2} = {281D6A9E-D9D7-4955-BF4D-4DF32F2C6DBC}
		{1BFF04AD-3969-4F65-85E5-A045F8899325} = {281D6A9E-D9D7-4955-BF4D-4DF32F2C6DBC}
		{43FC76A4-9603-41CE-81DE-4A1E39815240} = {22990DB7-165F-42C6-8F9C-6A3230E465A2}
		{34A21790-C3C9-48E6-97C6-D3B9FF4CC9CA} = {22990DB7-165F-42C6-8F9C-6A3230E465A2}
		{A2A34FFC-9524-4D55-BEF6-6BF41CEBDA8E} = {BB8504F7-AA43-43B0-AA8D-C28F43C62325}
		{7F360F0C-9368-4361-8645-93C247003702} = {35D479A1-E7BC-4C66-B26C-A627063260DB}
		{BA0DEE4E-A40F-496D-B521-53953843C4B0} = {C5838635-BACC-45A5-9F60-021F6D491F55}
		{4101AAE1-FB2D-4B2E-AF00-D5330ACCCE4D} = {71723F05-D07D-4CCF-8C9A-169F9B9FAF19}
		{25D3E521-3C87-4203-B3B2-C43BA246F22F} = {BD958C62-E499-4E1E-873E-F4320CF4AC73}
		{1D492AF9-FA8C-4282-BE1D-97BB366D8C31} = {22990DB7-165F-42C6-8F9C-6A3230E465A2}
		{B0CA4FBB-54A9-4636-BCAA-9585E4A170C5} = {35D479A1-E7BC-4C66-B26C-A627063260DB}
		{746A698F-7695-4940-A809-430DDAF74D64} = {B0CA4FBB-54A9-4636-BCAA-9585E4A170C5}
		{035A48E7-D287-42AE-9161-30C97468DF4E} = {B0CA4FBB-54A9-4636-BCAA-9585E4A170C5}
		{F79AE8C9-D917-4F7D-BB34-DB7D56739540} = {CBA2BC84-73C7-426C-8B9D-D443E0BA73AF}
		{665BA256-F6BB-4C62-9A41-D94BE3CAEAE2} = {22990DB7-165F-42C6-8F9C-6A3230E465A2}
		{28FBC31E-B519-42B0-BDCF-EF007101447F} = {665BA256-F6BB-4C62-9A41-D94BE3CAEAE2}
		{50B9416D-673D-47A2-A0E0-ADF8CA67189B} = {22990DB7-165F-42C6-8F9C-6A3230E465A2}
		{37DABD87-9321-49D4-A0BB-8603EE29862D} = {22990DB7-165F-42C6-8F9C-6A3230E465A2}
		{D813FB0C-721A-49C1-929A-1A01260B7D93} = {7F360F0C-9368-4361-8645-93C247003702}
		{9214ACAE-5644-46B0-993B-9C79637B116C} = {D813FB0C-721A-49C1-929A-1A01260B7D93}
		{2EFF1B67-CAC6-4F72-A79E-75C5263B2546} = {D813FB0C-721A-49C1-929A-1A01260B7D93}
		{1D70D80B-A78F-4390-86FE-690C25B44EF9} = {7F360F0C-9368-4361-8645-93C247003702}
		{516F8BDD-2D21-42B5-8599-467BD7BCFF39} = {7F360F0C-9368-4361-8645-93C247003702}
		{3D3C23F2-63FB-4E81-91ED-0C7C98FC78F1} = {516F8BDD-2D21-42B5-8599-467BD7BCFF39}
		{F830E89F-30C7-4F70-A423-01BB58E0F609} = {665BA256-F6BB-4C62-9A41-D94BE3CAEAE2}
		{0498CE66-DFCF-4B11-A16D-F9B20E9B5076} = {22990DB7-165F-42C6-8F9C-6A3230E465A2}
		{1AE85ED5-71D0-4507-B7B1-FAB132B96613} = {665BA256-F6BB-4C62-9A41-D94BE3CAEAE2}
		{C8A69F69-C61C-45C7-98CB-6602A3193B3E} = {71723F05-D07D-4CCF-8C9A-169F9B9FAF19}
	EndGlobalSection
	GlobalSection(ProjectConfigurationPlatforms) = postSolution
		{9D117F18-513D-40F3-868F-A4E30A4F1442}.Debug|Any CPU.ActiveCfg = Debug|Any CPU
		{9D117F18-513D-40F3-868F-A4E30A4F1442}.Debug|Any CPU.Build.0 = Debug|Any CPU
		{9D117F18-513D-40F3-868F-A4E30A4F1442}.Release|Any CPU.ActiveCfg = Release|Any CPU
		{9D117F18-513D-40F3-868F-A4E30A4F1442}.Release|Any CPU.Build.0 = Release|Any CPU
		{E26CDF5C-5993-4A61-AAD4-97E519BB527F}.Debug|Any CPU.ActiveCfg = Debug|Any CPU
		{E26CDF5C-5993-4A61-AAD4-97E519BB527F}.Debug|Any CPU.Build.0 = Debug|Any CPU
		{E26CDF5C-5993-4A61-AAD4-97E519BB527F}.Release|Any CPU.ActiveCfg = Release|Any CPU
		{E26CDF5C-5993-4A61-AAD4-97E519BB527F}.Release|Any CPU.Build.0 = Release|Any CPU
		{43FC76A4-9603-41CE-81DE-4A1E39815240}.Debug|Any CPU.ActiveCfg = Debug|Any CPU
		{43FC76A4-9603-41CE-81DE-4A1E39815240}.Debug|Any CPU.Build.0 = Debug|Any CPU
		{43FC76A4-9603-41CE-81DE-4A1E39815240}.Release|Any CPU.ActiveCfg = Release|Any CPU
		{43FC76A4-9603-41CE-81DE-4A1E39815240}.Release|Any CPU.Build.0 = Release|Any CPU
		{34A21790-C3C9-48E6-97C6-D3B9FF4CC9CA}.Debug|Any CPU.ActiveCfg = Debug|Any CPU
		{34A21790-C3C9-48E6-97C6-D3B9FF4CC9CA}.Debug|Any CPU.Build.0 = Debug|Any CPU
		{34A21790-C3C9-48E6-97C6-D3B9FF4CC9CA}.Release|Any CPU.ActiveCfg = Release|Any CPU
		{34A21790-C3C9-48E6-97C6-D3B9FF4CC9CA}.Release|Any CPU.Build.0 = Release|Any CPU
		{A2A34FFC-9524-4D55-BEF6-6BF41CEBDA8E}.Debug|Any CPU.ActiveCfg = Debug|Any CPU
		{A2A34FFC-9524-4D55-BEF6-6BF41CEBDA8E}.Debug|Any CPU.Build.0 = Debug|Any CPU
		{A2A34FFC-9524-4D55-BEF6-6BF41CEBDA8E}.Release|Any CPU.ActiveCfg = Release|Any CPU
		{A2A34FFC-9524-4D55-BEF6-6BF41CEBDA8E}.Release|Any CPU.Build.0 = Release|Any CPU
		{BA0DEE4E-A40F-496D-B521-53953843C4B0}.Debug|Any CPU.ActiveCfg = Debug|Any CPU
		{BA0DEE4E-A40F-496D-B521-53953843C4B0}.Debug|Any CPU.Build.0 = Debug|Any CPU
		{BA0DEE4E-A40F-496D-B521-53953843C4B0}.Release|Any CPU.ActiveCfg = Release|Any CPU
		{BA0DEE4E-A40F-496D-B521-53953843C4B0}.Release|Any CPU.Build.0 = Release|Any CPU
		{4101AAE1-FB2D-4B2E-AF00-D5330ACCCE4D}.Debug|Any CPU.ActiveCfg = Debug|Any CPU
		{4101AAE1-FB2D-4B2E-AF00-D5330ACCCE4D}.Debug|Any CPU.Build.0 = Debug|Any CPU
		{4101AAE1-FB2D-4B2E-AF00-D5330ACCCE4D}.Release|Any CPU.ActiveCfg = Release|Any CPU
		{4101AAE1-FB2D-4B2E-AF00-D5330ACCCE4D}.Release|Any CPU.Build.0 = Release|Any CPU
		{1D492AF9-FA8C-4282-BE1D-97BB366D8C31}.Debug|Any CPU.ActiveCfg = Debug|Any CPU
		{1D492AF9-FA8C-4282-BE1D-97BB366D8C31}.Debug|Any CPU.Build.0 = Debug|Any CPU
		{1D492AF9-FA8C-4282-BE1D-97BB366D8C31}.Release|Any CPU.ActiveCfg = Release|Any CPU
		{1D492AF9-FA8C-4282-BE1D-97BB366D8C31}.Release|Any CPU.Build.0 = Release|Any CPU
		{746A698F-7695-4940-A809-430DDAF74D64}.Debug|Any CPU.ActiveCfg = Debug|Any CPU
		{746A698F-7695-4940-A809-430DDAF74D64}.Debug|Any CPU.Build.0 = Debug|Any CPU
		{746A698F-7695-4940-A809-430DDAF74D64}.Release|Any CPU.ActiveCfg = Release|Any CPU
		{746A698F-7695-4940-A809-430DDAF74D64}.Release|Any CPU.Build.0 = Release|Any CPU
		{035A48E7-D287-42AE-9161-30C97468DF4E}.Debug|Any CPU.ActiveCfg = Debug|Any CPU
		{035A48E7-D287-42AE-9161-30C97468DF4E}.Debug|Any CPU.Build.0 = Debug|Any CPU
		{035A48E7-D287-42AE-9161-30C97468DF4E}.Release|Any CPU.ActiveCfg = Release|Any CPU
		{035A48E7-D287-42AE-9161-30C97468DF4E}.Release|Any CPU.Build.0 = Release|Any CPU
		{F79AE8C9-D917-4F7D-BB34-DB7D56739540}.Debug|Any CPU.ActiveCfg = Debug|Any CPU
		{F79AE8C9-D917-4F7D-BB34-DB7D56739540}.Debug|Any CPU.Build.0 = Debug|Any CPU
		{F79AE8C9-D917-4F7D-BB34-DB7D56739540}.Release|Any CPU.ActiveCfg = Release|Any CPU
		{F79AE8C9-D917-4F7D-BB34-DB7D56739540}.Release|Any CPU.Build.0 = Release|Any CPU
		{28FBC31E-B519-42B0-BDCF-EF007101447F}.Debug|Any CPU.ActiveCfg = Debug|Any CPU
		{28FBC31E-B519-42B0-BDCF-EF007101447F}.Debug|Any CPU.Build.0 = Debug|Any CPU
		{28FBC31E-B519-42B0-BDCF-EF007101447F}.Release|Any CPU.ActiveCfg = Release|Any CPU
		{28FBC31E-B519-42B0-BDCF-EF007101447F}.Release|Any CPU.Build.0 = Release|Any CPU
		{50B9416D-673D-47A2-A0E0-ADF8CA67189B}.Debug|Any CPU.ActiveCfg = Debug|Any CPU
		{50B9416D-673D-47A2-A0E0-ADF8CA67189B}.Debug|Any CPU.Build.0 = Debug|Any CPU
		{50B9416D-673D-47A2-A0E0-ADF8CA67189B}.Release|Any CPU.ActiveCfg = Release|Any CPU
		{50B9416D-673D-47A2-A0E0-ADF8CA67189B}.Release|Any CPU.Build.0 = Release|Any CPU
		{37DABD87-9321-49D4-A0BB-8603EE29862D}.Debug|Any CPU.ActiveCfg = Debug|Any CPU
		{37DABD87-9321-49D4-A0BB-8603EE29862D}.Debug|Any CPU.Build.0 = Debug|Any CPU
		{37DABD87-9321-49D4-A0BB-8603EE29862D}.Release|Any CPU.ActiveCfg = Release|Any CPU
		{37DABD87-9321-49D4-A0BB-8603EE29862D}.Release|Any CPU.Build.0 = Release|Any CPU
		{9214ACAE-5644-46B0-993B-9C79637B116C}.Debug|Any CPU.ActiveCfg = Debug|Any CPU
		{9214ACAE-5644-46B0-993B-9C79637B116C}.Debug|Any CPU.Build.0 = Debug|Any CPU
		{9214ACAE-5644-46B0-993B-9C79637B116C}.Release|Any CPU.ActiveCfg = Release|Any CPU
		{9214ACAE-5644-46B0-993B-9C79637B116C}.Release|Any CPU.Build.0 = Release|Any CPU
		{2EFF1B67-CAC6-4F72-A79E-75C5263B2546}.Debug|Any CPU.ActiveCfg = Debug|Any CPU
		{2EFF1B67-CAC6-4F72-A79E-75C5263B2546}.Debug|Any CPU.Build.0 = Debug|Any CPU
		{2EFF1B67-CAC6-4F72-A79E-75C5263B2546}.Release|Any CPU.ActiveCfg = Release|Any CPU
		{2EFF1B67-CAC6-4F72-A79E-75C5263B2546}.Release|Any CPU.Build.0 = Release|Any CPU
		{1D70D80B-A78F-4390-86FE-690C25B44EF9}.Debug|Any CPU.ActiveCfg = Debug|Any CPU
		{1D70D80B-A78F-4390-86FE-690C25B44EF9}.Debug|Any CPU.Build.0 = Debug|Any CPU
		{1D70D80B-A78F-4390-86FE-690C25B44EF9}.Release|Any CPU.ActiveCfg = Release|Any CPU
		{1D70D80B-A78F-4390-86FE-690C25B44EF9}.Release|Any CPU.Build.0 = Release|Any CPU
		{3D3C23F2-63FB-4E81-91ED-0C7C98FC78F1}.Debug|Any CPU.ActiveCfg = Debug|Any CPU
		{3D3C23F2-63FB-4E81-91ED-0C7C98FC78F1}.Debug|Any CPU.Build.0 = Debug|Any CPU
		{3D3C23F2-63FB-4E81-91ED-0C7C98FC78F1}.Release|Any CPU.ActiveCfg = Release|Any CPU
		{3D3C23F2-63FB-4E81-91ED-0C7C98FC78F1}.Release|Any CPU.Build.0 = Release|Any CPU
		{F830E89F-30C7-4F70-A423-01BB58E0F609}.Debug|Any CPU.ActiveCfg = Debug|Any CPU
		{F830E89F-30C7-4F70-A423-01BB58E0F609}.Debug|Any CPU.Build.0 = Debug|Any CPU
		{F830E89F-30C7-4F70-A423-01BB58E0F609}.Release|Any CPU.ActiveCfg = Release|Any CPU
		{F830E89F-30C7-4F70-A423-01BB58E0F609}.Release|Any CPU.Build.0 = Release|Any CPU
		{0498CE66-DFCF-4B11-A16D-F9B20E9B5076}.Debug|Any CPU.ActiveCfg = Debug|Any CPU
		{0498CE66-DFCF-4B11-A16D-F9B20E9B5076}.Debug|Any CPU.Build.0 = Debug|Any CPU
		{0498CE66-DFCF-4B11-A16D-F9B20E9B5076}.Release|Any CPU.ActiveCfg = Release|Any CPU
		{0498CE66-DFCF-4B11-A16D-F9B20E9B5076}.Release|Any CPU.Build.0 = Release|Any CPU
		{1AE85ED5-71D0-4507-B7B1-FAB132B96613}.Debug|Any CPU.ActiveCfg = Debug|Any CPU
		{1AE85ED5-71D0-4507-B7B1-FAB132B96613}.Debug|Any CPU.Build.0 = Debug|Any CPU
		{1AE85ED5-71D0-4507-B7B1-FAB132B96613}.Release|Any CPU.ActiveCfg = Release|Any CPU
		{1AE85ED5-71D0-4507-B7B1-FAB132B96613}.Release|Any CPU.Build.0 = Release|Any CPU
		{C8A69F69-C61C-45C7-98CB-6602A3193B3E}.Debug|Any CPU.ActiveCfg = Debug|Any CPU
		{C8A69F69-C61C-45C7-98CB-6602A3193B3E}.Debug|Any CPU.Build.0 = Debug|Any CPU
		{C8A69F69-C61C-45C7-98CB-6602A3193B3E}.Release|Any CPU.ActiveCfg = Release|Any CPU
		{C8A69F69-C61C-45C7-98CB-6602A3193B3E}.Release|Any CPU.Build.0 = Release|Any CPU
	EndGlobalSection
EndGlobal
